
Microsoft Visual Studio Solution File, Format Version 12.00
# Visual Studio Version 16
VisualStudioVersion = 16.0.32106.194
MinimumVisualStudioVersion = 10.0.40219.1
Project("{FAE04EC0-301F-11D3-BF4B-00C04F79EFBC}") = "Host", "Host\Host.csproj", "{2408EC21-E897-4483-B008-670964722A5D}"
EndProject
Global
	GlobalSection(SolutionConfigurationPlatforms) = preSolution
		Debug|Any CPU = Debug|Any CPU
		Release|Any CPU = Release|Any CPU
	EndGlobalSection
	GlobalSection(ProjectConfigurationPlatforms) = postSolution
		{2408EC21-E897-4483-B008-670964722A5D}.Debug|Any CPU.ActiveCfg = Debug|Any CPU
		{2408EC21-E897-4483-B008-670964722A5D}.Debug|Any CPU.Build.0 = Debug|Any CPU
		{2408EC21-E897-4483-B008-670964722A5D}.Release|Any CPU.ActiveCfg = Release|Any CPU
		{2408EC21-E897-4483-B008-670964722A5D}.Release|Any CPU.Build.0 = Release|Any CPU
	EndGlobalSection
	GlobalSection(SolutionProperties) = preSolution
		HideSolutionNode = FALSE
	EndGlobalSection
	GlobalSection(ExtensibilityGlobals) = postSolution
		SolutionGuid = {18926DD2-F5CB-4F4A-9062-D5E444DDBE5A}
	EndGlobalSection
EndGlobal
